
Microsoft Visual Studio Solution File, Format Version 12.00
# Visual Studio 15
VisualStudioVersion = 15.0.28010.2026
MinimumVisualStudioVersion = 10.0.40219.1
Project("{8BC9CEB8-8B4A-11D0-8D11-00A0C91BC942}") = "C++Primer_text", "C++Primer_text\C++Primer_text.vcxproj", "{841A524A-42B4-41B3-A027-3C28435A0169}"
EndProject
Global
	GlobalSection(SolutionConfigurationPlatforms) = preSolution
		Debug|x64 = Debug|x64
		Debug|x86 = Debug|x86
		Release|x64 = Release|x64
		Release|x86 = Release|x86
	EndGlobalSection
	GlobalSection(ProjectConfigurationPlatforms) = postSolution
		{841A524A-42B4-41B3-A027-3C28435A0169}.Debug|x64.ActiveCfg = Debug|x64
		{841A524A-42B4-41B3-A027-3C28435A0169}.Debug|x64.Build.0 = Debug|x64
		{841A524A-42B4-41B3-A027-3C28435A0169}.Debug|x86.ActiveCfg = Debug|Win32
		{841A524A-42B4-41B3-A027-3C28435A0169}.Debug|x86.Build.0 = Debug|Win32
		{841A524A-42B4-41B3-A027-3C28435A0169}.Release|x64.ActiveCfg = Release|x64
		{841A524A-42B4-41B3-A027-3C28435A0169}.Release|x64.Build.0 = Release|x64
		{841A524A-42B4-41B3-A027-3C28435A0169}.Release|x86.ActiveCfg = Release|Win32
		{841A524A-42B4-41B3-A027-3C28435A0169}.Release|x86.Build.0 = Release|Win32
	EndGlobalSection
	GlobalSection(SolutionProperties) = preSolution
		HideSolutionNode = FALSE
	EndGlobalSection
	GlobalSection(ExtensibilityGlobals) = postSolution
		SolutionGuid = {A137E86F-5A36-4B25-B828-C2B23909F3FE}
	EndGlobalSection
EndGlobal
